// !$*UTF8*$!
{
	archiveVersion = 1;
	classes = {
	};
	objectVersion = 46;
	objects = {

/* Begin PBXBuildFile section */
		2591B8AA1DD442D700E1105D /* Clinkc2.m in Sources */ = {isa = PBXBuildFile; fileRef = 2591B8A91DD442D700E1105D /* Clinkc2.m */; };
		2591B8AB1DD442D700E1105D /* Clinkc2.h in CopyFiles */ = {isa = PBXBuildFile; fileRef = 2591B8A81DD442D700E1105D /* Clinkc2.h */; };
		2591B8B51DD442FA00E1105D /* libclinkc.a in Frameworks */ = {isa = PBXBuildFile; fileRef = 2591B8B41DD442FA00E1105D /* libclinkc.a */; };
/* End PBXBuildFile section */

/* Begin PBXCopyFilesBuildPhase section */
		2591B8A31DD442D700E1105D /* CopyFiles */ = {
			isa = PBXCopyFilesBuildPhase;
			buildActionMask = 2147483647;
			dstPath = "include/$(PRODUCT_NAME)";
			dstSubfolderSpec = 16;
			files = (
				2591B8AB1DD442D700E1105D /* Clinkc2.h in CopyFiles */,
			);
			runOnlyForDeploymentPostprocessing = 0;
		};
/* End PBXCopyFilesBuildPhase section */

/* Begin PBXFileReference section */
		2591B8A51DD442D700E1105D /* libClinkc2.a */ = {isa = PBXFileReference; explicitFileType = archive.ar; includeInIndex = 0; path = libClinkc2.a; sourceTree = BUILT_PRODUCTS_DIR; };
		2591B8A81DD442D700E1105D /* Clinkc2.h */ = {isa = PBXFileReference; lastKnownFileType = sourcecode.c.h; path = Clinkc2.h; sourceTree = "<group>"; };
		2591B8A91DD442D700E1105D /* Clinkc2.m */ = {isa = PBXFileReference; lastKnownFileType = sourcecode.c.objc; path = Clinkc2.m; sourceTree = "<group>"; };
		2591B8B11DD442EF00E1105D /* CGUpnpAvController.h */ = {isa = PBXFileReference; fileEncoding = 4; lastKnownFileType = sourcecode.c.h; path = CGUpnpAvController.h; sourceTree = "<group>"; };
		2591B8B21DD442EF00E1105D /* CGUpnpAvRenderer.h */ = {isa = PBXFileReference; fileEncoding = 4; lastKnownFileType = sourcecode.c.h; path = CGUpnpAvRenderer.h; sourceTree = "<group>"; };
		2591B8B31DD442EF00E1105D /* CGUpnpDevice.h */ = {isa = PBXFileReference; fileEncoding = 4; lastKnownFileType = sourcecode.c.h; path = CGUpnpDevice.h; sourceTree = "<group>"; };
		2591B8B41DD442FA00E1105D /* libclinkc.a */ = {isa = PBXFileReference; lastKnownFileType = archive.ar; path = libclinkc.a; sourceTree = "<group>"; };
/* End PBXFileReference section */

/* Begin PBXFrameworksBuildPhase section */
		2591B8A21DD442D700E1105D /* Frameworks */ = {
			isa = PBXFrameworksBuildPhase;
			buildActionMask = 2147483647;
			files = (
				2591B8B51DD442FA00E1105D /* libclinkc.a in Frameworks */,
			);
			runOnlyForDeploymentPostprocessing = 0;
		};
/* End PBXFrameworksBuildPhase section */

/* Begin PBXGroup section */
		2591B89C1DD442D600E1105D = {
			isa = PBXGroup;
			children = (
				2591B8A71DD442D700E1105D /* Clinkc2 */,
				2591B8A61DD442D700E1105D /* Products */,
			);
			sourceTree = "<group>";
		};
		2591B8A61DD442D700E1105D /* Products */ = {
			isa = PBXGroup;
			children = (
				2591B8A51DD442D700E1105D /* libClinkc2.a */,
			);
			name = Products;
			sourceTree = "<group>";
		};
		2591B8A71DD442D700E1105D /* Clinkc2 */ = {
			isa = PBXGroup;
			children = (
				2591B8B41DD442FA00E1105D /* libclinkc.a */,
				2591B8B11DD442EF00E1105D /* CGUpnpAvController.h */,
				2591B8B21DD442EF00E1105D /* CGUpnpAvRenderer.h */,
				2591B8B31DD442EF00E1105D /* CGUpnpDevice.h */,
				2591B8A81DD442D700E1105D /* Clinkc2.h */,
				2591B8A91DD442D700E1105D /* Clinkc2.m */,
			);
			path = Clinkc2;
			sourceTree = "<group>";
		};
/* End PBXGroup section */

/* Begin PBXNativeTarget section */
		2591B8A41DD442D700E1105D /* Clinkc2 */ = {
			isa = PBXNativeTarget;
			buildConfigurationList = 2591B8AE1DD442D700E1105D /* Build configuration list for PBXNativeTarget "Clinkc2" */;
			buildPhases = (
				2591B8A11DD442D700E1105D /* Sources */,
				2591B8A21DD442D700E1105D /* Frameworks */,
				2591B8A31DD442D700E1105D /* CopyFiles */,
			);
			buildRules = (
			);
			dependencies = (
			);
			name = Clinkc2;
			productName = Clinkc2;
			productReference = 2591B8A51DD442D700E1105D /* libClinkc2.a */;
			productType = "com.apple.product-type.library.static";
		};
/* End PBXNativeTarget section */

/* Begin PBXProject section */
		2591B89D1DD442D600E1105D /* Project object */ = {
			isa = PBXProject;
			attributes = {
				LastUpgradeCheck = 0800;
				ORGANIZATIONNAME = mjc;
				TargetAttributes = {
					2591B8A41DD442D700E1105D = {
						CreatedOnToolsVersion = 8.0;
						DevelopmentTeam = D8RJFY6RH2;
						ProvisioningStyle = Automatic;
					};
				};
			};
			buildConfigurationList = 2591B8A01DD442D600E1105D /* Build configuration list for PBXProject "Clinkc2" */;
			compatibilityVersion = "Xcode 3.2";
			developmentRegion = English;
			hasScannedForEncodings = 0;
			knownRegions = (
				en,
			);
			mainGroup = 2591B89C1DD442D600E1105D;
			productRefGroup = 2591B8A61DD442D700E1105D /* Products */;
			projectDirPath = "";
			projectRoot = "";
			targets = (
				2591B8A41DD442D700E1105D /* Clinkc2 */,
			);
		};
/* End PBXProject section */

/* Begin PBXSourcesBuildPhase section */
		2591B8A11DD442D700E1105D /* Sources */ = {
			isa = PBXSourcesBuildPhase;
			buildActionMask = 2147483647;
			files = (
				2591B8AA1DD442D700E1105D /* Clinkc2.m in Sources */,
			);
			runOnlyForDeploymentPostprocessing = 0;
		};
/* End PBXSourcesBuildPhase section */

/* Begin XCBuildConfiguration section */
		2591B8AC1DD442D700E1105D /* Debug */ = {
			isa = XCBuildConfiguration;
			buildSettings = {
				ALWAYS_SEARCH_USER_PATHS = NO;
				CLANG_ANALYZER_NONNULL = YES;
				CLANG_CXX_LANGUAGE_STANDARD = "gnu++0x";
				CLANG_CXX_LIBRARY = "libc++";
				CLANG_ENABLE_MODULES = YES;
				CLANG_ENABLE_OBJC_ARC = YES;
				CLANG_WARN_BOOL_CONVERSION = YES;
				CLANG_WARN_CONSTANT_CONVERSION = YES;
				CLANG_WARN_DIRECT_OBJC_ISA_USAGE = YES_ERROR;
				CLANG_WARN_DOCUMENTATION_COMMENTS = YES;
				CLANG_WARN_EMPTY_BODY = YES;
				CLANG_WARN_ENUM_CONVERSION = YES;
				CLANG_WARN_INFINITE_RECURSION = YES;
				CLANG_WARN_INT_CONVERSION = YES;
				CLANG_WARN_OBJC_ROOT_CLASS = YES_ERROR;
				CLANG_WARN_SUSPICIOUS_MOVES = YES;
				CLANG_WARN_UNREACHABLE_CODE = YES;
				CLANG_WARN__DUPLICATE_METHOD_MATCH = YES;
				"CODE_SIGN_IDENTITY[sdk=iphoneos*]" = "iPhone Developer";
				COPY_PHASE_STRIP = NO;
				DEBUG_INFORMATION_FORMAT = dwarf;
				ENABLE_STRICT_OBJC_MSGSEND = YES;
				ENABLE_TESTABILITY = YES;
				GCC_C_LANGUAGE_STANDARD = gnu99;
				GCC_DYNAMIC_NO_PIC = NO;
				GCC_NO_COMMON_BLOCKS = YES;
				GCC_OPTIMIZATION_LEVEL = 0;
				GCC_PREPROCESSOR_DEFINITIONS = (
					"DEBUG=1",
					"$(inherited)",
				);
				GCC_WARN_64_TO_32_BIT_CONVERSION = YES;
				GCC_WARN_ABOUT_RETURN_TYPE = YES_ERROR;
				GCC_WARN_UNDECLARED_SELECTOR = YES;
				GCC_WARN_UNINITIALIZED_AUTOS = YES_AGGRESSIVE;
				GCC_WARN_UNUSED_FUNCTION = YES;
				GCC_WARN_UNUSED_VARIABLE = YES;
				IPHONEOS_DEPLOYMENT_TARGET = 10.0;
				MTL_ENABLE_DEBUG_INFO = YES;
				ONLY_ACTIVE_ARCH = YES;
				SDKROOT = iphoneos;
			};
			name = Debug;
		};
		2591B8AD1DD442D700E1105D /* Release */ = {
			isa = XCBuildConfiguration;
			buildSettings = {
				ALWAYS_SEARCH_USER_PATHS = NO;
				CLANG_ANALYZER_NONNULL = YES;
				CLANG_CXX_LANGUAGE_STANDARD = "gnu++0x";
				CLANG_CXX_LIBRARY = "libc++";
				CLANG_ENABLE_MODULES = YES;
				CLANG_ENABLE_OBJC_ARC = YES;
				CLANG_WARN_BOOL_CONVERSION = YES;
				CLANG_WARN_CONSTANT_CONVERSION = YES;
				CLANG_WARN_DIRECT_OBJC_ISA_USAGE = YES_ERROR;
				CLANG_WARN_DOCUMENTATION_COMMENTS = YES;
				CLANG_WARN_EMPTY_BODY = YES;
				CLANG_WARN_ENUM_CONVERSION = YES;
				CLANG_WARN_INFINITE_RECURSION = YES;
				CLANG_WARN_INT_CONVERSION = YES;
				CLANG_WARN_OBJC_ROOT_CLASS = YES_ERROR;
				CLANG_WARN_SUSPICIOUS_MOVES = YES;
				CLANG_WARN_UNREACHABLE_CODE = YES;
				CLANG_WARN__DUPLICATE_METHOD_MATCH = YES;
				"CODE_SIGN_IDENTITY[sdk=iphoneos*]" = "iPhone Developer";
				COPY_PHASE_STRIP = NO;
				DEBUG_INFORMATION_FORMAT = "dwarf-with-dsym";
				ENABLE_NS_ASSERTIONS = NO;
				ENABLE_STRICT_OBJC_MSGSEND = YES;
				GCC_C_LANGUAGE_STANDARD = gnu99;
				GCC_NO_COMMON_BLOCKS = YES;
				GCC_WARN_64_TO_32_BIT_CONVERSION = YES;
				GCC_WARN_ABOUT_RETURN_TYPE = YES_ERROR;
				GCC_WARN_UNDECLARED_SELECTOR = YES;
				GCC_WARN_UNINITIALIZED_AUTOS = YES_AGGRESSIVE;
				GCC_WARN_UNUSED_FUNCTION = YES;
				GCC_WARN_UNUSED_VARIABLE = YES;
				IPHONEOS_DEPLOYMENT_TARGET = 10.0;
				MTL_ENABLE_DEBUG_INFO = NO;
				SDKROOT = iphoneos;
				VALIDATE_PRODUCT = YES;
			};
			name = Release;
		};
		2591B8AF1DD442D700E1105D /* Debug */ = {
			isa = XCBuildConfiguration;
			buildSettings = {
				DEVELOPMENT_TEAM = D8RJFY6RH2;
				LIBRARY_SEARCH_PATHS = (
					"$(inherited)",
					"$(PROJECT_DIR)/Clinkc2",
				);
				OTHER_LDFLAGS = "-ObjC";
				PRODUCT_NAME = "$(TARGET_NAME)";
				SKIP_INSTALL = YES;
			};
			name = Debug;
		};
		2591B8B01DD442D700E1105D /* Release */ = {
			isa = XCBuildConfiguration;
			buildSettings = {
				DEVELOPMENT_TEAM = D8RJFY6RH2;
				LIBRARY_SEARCH_PATHS = (
					"$(inherited)",
					"$(PROJECT_DIR)/Clinkc2",
				);
				OTHER_LDFLAGS = "-ObjC";
				PRODUCT_NAME = "$(TARGET_NAME)";
				SKIP_INSTALL = YES;
			};
			name = Release;
		};
/* End XCBuildConfiguration section */

/* Begin XCConfigurationList section */
		2591B8A01DD442D600E1105D /* Build configuration list for PBXProject "Clinkc2" */ = {
			isa = XCConfigurationList;
			buildConfigurations = (
				2591B8AC1DD442D700E1105D /* Debug */,
				2591B8AD1DD442D700E1105D /* Release */,
			);
			defaultConfigurationIsVisible = 0;
			defaultConfigurationName = Release;
		};
		2591B8AE1DD442D700E1105D /* Build configuration list for PBXNativeTarget "Clinkc2" */ = {
			isa = XCConfigurationList;
			buildConfigurations = (
				2591B8AF1DD442D700E1105D /* Debug */,
				2591B8B01DD442D700E1105D /* Release */,
			);
			defaultConfigurationIsVisible = 0;
		};
/* End XCConfigurationList section */
	};
	rootObject = 2591B89D1DD442D600E1105D /* Project object */;
}
