// !$*UTF8*$!
{
	archiveVersion = 1;
	classes = {
	};
	objectVersion = 46;
	objects = {

/* Begin PBXBuildFile section */
		255578BC1DD44C6900917F3D /* Clinkc.framework in Frameworks */ = {isa = PBXBuildFile; fileRef = 255578BB1DD44C6900917F3D /* Clinkc.framework */; };
		2591B8D81DD447A200E1105D /* Assets.xcassets in Resources */ = {isa = PBXBuildFile; fileRef = 2591B8D71DD447A200E1105D /* Assets.xcassets */; };
/* End PBXBuildFile section */

/* Begin PBXFileReference section */
		255578BB1DD44C6900917F3D /* Clinkc.framework */ = {isa = PBXFileReference; lastKnownFileType = wrapper.framework; path = Clinkc.framework; sourceTree = "<group>"; };
		2591B8C81DD447A200E1105D /* DLNAFrameWorkTest.app */ = {isa = PBXFileReference; explicitFileType = wrapper.application; includeInIndex = 0; path = DLNAFrameWorkTest.app; sourceTree = BUILT_PRODUCTS_DIR; };
		2591B8D71DD447A200E1105D /* Assets.xcassets */ = {isa = PBXFileReference; lastKnownFileType = folder.assetcatalog; path = Assets.xcassets; sourceTree = "<group>"; };
/* End PBXFileReference section */

/* Begin PBXFrameworksBuildPhase section */
		2591B8C51DD447A200E1105D /* Frameworks */ = {
			isa = PBXFrameworksBuildPhase;
			buildActionMask = 2147483647;
			files = (
				255578BC1DD44C6900917F3D /* Clinkc.framework in Frameworks */,
			);
			runOnlyForDeploymentPostprocessing = 0;
		};
/* End PBXFrameworksBuildPhase section */

/* Begin PBXGroup section */
		2591B8BF1DD447A200E1105D = {
			isa = PBXGroup;
			children = (
				2591B8CA1DD447A200E1105D /* DLNAFrameWorkTest */,
				2591B8C91DD447A200E1105D /* Products */,
				2591B8E21DD447CA00E1105D /* Frameworks */,
			);
			sourceTree = "<group>";
		};
		2591B8C91DD447A200E1105D /* Products */ = {
			isa = PBXGroup;
			children = (
				2591B8C81DD447A200E1105D /* DLNAFrameWorkTest.app */,
			);
			name = Products;
			sourceTree = "<group>";
		};
		2591B8CA1DD447A200E1105D /* DLNAFrameWorkTest */ = {
			isa = PBXGroup;
			children = (
				2591B8D71DD447A200E1105D /* Assets.xcassets */,
			);
			path = DLNAFrameWorkTest;
			sourceTree = "<group>";
		};
		2591B8E21DD447CA00E1105D /* Frameworks */ = {
			isa = PBXGroup;
			children = (
				255578BB1DD44C6900917F3D /* Clinkc.framework */,
			);
			name = Frameworks;
			sourceTree = "<group>";
		};
/* End PBXGroup section */

/* Begin PBXNativeTarget section */
		2591B8C71DD447A200E1105D /* DLNAFrameWorkTest */ = {
			isa = PBXNativeTarget;
			buildConfigurationList = 2591B8DF1DD447A200E1105D /* Build configuration list for PBXNativeTarget "DLNAFrameWorkTest" */;
			buildPhases = (
				2591B8C41DD447A200E1105D /* Sources */,
				2591B8C51DD447A200E1105D /* Frameworks */,
				2591B8C61DD447A200E1105D /* Resources */,
			);
			buildRules = (
			);
			dependencies = (
			);
			name = DLNAFrameWorkTest;
			productName = DLNAFrameWorkTest;
			productReference = 2591B8C81DD447A200E1105D /* DLNAFrameWorkTest.app */;
			productType = "com.apple.product-type.application";
		};
/* End PBXNativeTarget section */

/* Begin PBXProject section */
		2591B8C01DD447A200E1105D /* Project object */ = {
			isa = PBXProject;
			attributes = {
				LastUpgradeCheck = 0800;
				ORGANIZATIONNAME = mjc;
				TargetAttributes = {
					2591B8C71DD447A200E1105D = {
						CreatedOnToolsVersion = 8.0;
						DevelopmentTeam = D8RJFY6RH2;
						ProvisioningStyle = Automatic;
					};
				};
			};
			buildConfigurationList = 2591B8C31DD447A200E1105D /* Build configuration list for PBXProject "DLNAFrameWorkTest" */;
			compatibilityVersion = "Xcode 3.2";
			developmentRegion = English;
			hasScannedForEncodings = 0;
			knownRegions = (
				en,
				Base,
			);
			mainGroup = 2591B8BF1DD447A200E1105D;
			productRefGroup = 2591B8C91DD447A200E1105D /* Products */;
			projectDirPath = "";
			projectRoot = "";
			targets = (
				2591B8C71DD447A200E1105D /* DLNAFrameWorkTest */,
			);
		};
/* End PBXProject section */

/* Begin PBXResourcesBuildPhase section */
		2591B8C61DD447A200E1105D /* Resources */ = {
			isa = PBXResourcesBuildPhase;
			buildActionMask = 2147483647;
			files = (
				2591B8D81DD447A200E1105D /* Assets.xcassets in Resources */,
			);
			runOnlyForDeploymentPostprocessing = 0;
		};
/* End PBXResourcesBuildPhase section */

/* Begin PBXSourcesBuildPhase section */
		2591B8C41DD447A200E1105D /* Sources */ = {
			isa = PBXSourcesBuildPhase;
			buildActionMask = 2147483647;
			files = (
			);
			runOnlyForDeploymentPostprocessing = 0;
		};
/* End PBXSourcesBuildPhase section */

/* Begin XCBuildConfiguration section */
		2591B8DD1DD447A200E1105D /* Debug */ = {
			isa = XCBuildConfiguration;
			buildSettings = {
				ALWAYS_SEARCH_USER_PATHS = NO;
				CLANG_ANALYZER_NONNULL = YES;
				CLANG_CXX_LANGUAGE_STANDARD = "gnu++0x";
				CLANG_CXX_LIBRARY = "libc++";
				CLANG_ENABLE_MODULES = YES;
				CLANG_ENABLE_OBJC_ARC = YES;
				CLANG_WARN_BOOL_CONVERSION = YES;
				CLANG_WARN_CONSTANT_CONVERSION = YES;
				CLANG_WARN_DIRECT_OBJC_ISA_USAGE = YES_ERROR;
				CLANG_WARN_DOCUMENTATION_COMMENTS = YES;
				CLANG_WARN_EMPTY_BODY = YES;
				CLANG_WARN_ENUM_CONVERSION = YES;
				CLANG_WARN_INFINITE_RECURSION = YES;
				CLANG_WARN_INT_CONVERSION = YES;
				CLANG_WARN_OBJC_ROOT_CLASS = YES_ERROR;
				CLANG_WARN_SUSPICIOUS_MOVES = YES;
				CLANG_WARN_UNREACHABLE_CODE = YES;
				CLANG_WARN__DUPLICATE_METHOD_MATCH = YES;
				"CODE_SIGN_IDENTITY[sdk=iphoneos*]" = "iPhone Developer";
				COPY_PHASE_STRIP = NO;
				DEBUG_INFORMATION_FORMAT = dwarf;
				ENABLE_STRICT_OBJC_MSGSEND = YES;
				ENABLE_TESTABILITY = YES;
				GCC_C_LANGUAGE_STANDARD = gnu99;
				GCC_DYNAMIC_NO_PIC = NO;
				GCC_NO_COMMON_BLOCKS = YES;
				GCC_OPTIMIZATION_LEVEL = 0;
				GCC_PREPROCESSOR_DEFINITIONS = (
					"DEBUG=1",
					"$(inherited)",
				);
				GCC_WARN_64_TO_32_BIT_CONVERSION = YES;
				GCC_WARN_ABOUT_RETURN_TYPE = YES_ERROR;
				GCC_WARN_UNDECLARED_SELECTOR = YES;
				GCC_WARN_UNINITIALIZED_AUTOS = YES_AGGRESSIVE;
				GCC_WARN_UNUSED_FUNCTION = YES;
				GCC_WARN_UNUSED_VARIABLE = YES;
				IPHONEOS_DEPLOYMENT_TARGET = 10.0;
				MTL_ENABLE_DEBUG_INFO = YES;
				ONLY_ACTIVE_ARCH = YES;
				SDKROOT = iphoneos;
			};
			name = Debug;
		};
		2591B8DE1DD447A200E1105D /* Release */ = {
			isa = XCBuildConfiguration;
			buildSettings = {
				ALWAYS_SEARCH_USER_PATHS = NO;
				CLANG_ANALYZER_NONNULL = YES;
				CLANG_CXX_LANGUAGE_STANDARD = "gnu++0x";
				CLANG_CXX_LIBRARY = "libc++";
				CLANG_ENABLE_MODULES = YES;
				CLANG_ENABLE_OBJC_ARC = YES;
				CLANG_WARN_BOOL_CONVERSION = YES;
				CLANG_WARN_CONSTANT_CONVERSION = YES;
				CLANG_WARN_DIRECT_OBJC_ISA_USAGE = YES_ERROR;
				CLANG_WARN_DOCUMENTATION_COMMENTS = YES;
				CLANG_WARN_EMPTY_BODY = YES;
				CLANG_WARN_ENUM_CONVERSION = YES;
				CLANG_WARN_INFINITE_RECURSION = YES;
				CLANG_WARN_INT_CONVERSION = YES;
				CLANG_WARN_OBJC_ROOT_CLASS = YES_ERROR;
				CLANG_WARN_SUSPICIOUS_MOVES = YES;
				CLANG_WARN_UNREACHABLE_CODE = YES;
				CLANG_WARN__DUPLICATE_METHOD_MATCH = YES;
				"CODE_SIGN_IDENTITY[sdk=iphoneos*]" = "iPhone Developer";
				COPY_PHASE_STRIP = NO;
				DEBUG_INFORMATION_FORMAT = "dwarf-with-dsym";
				ENABLE_NS_ASSERTIONS = NO;
				ENABLE_STRICT_OBJC_MSGSEND = YES;
				GCC_C_LANGUAGE_STANDARD = gnu99;
				GCC_NO_COMMON_BLOCKS = YES;
				GCC_WARN_64_TO_32_BIT_CONVERSION = YES;
				GCC_WARN_ABOUT_RETURN_TYPE = YES_ERROR;
				GCC_WARN_UNDECLARED_SELECTOR = YES;
				GCC_WARN_UNINITIALIZED_AUTOS = YES_AGGRESSIVE;
				GCC_WARN_UNUSED_FUNCTION = YES;
				GCC_WARN_UNUSED_VARIABLE = YES;
				IPHONEOS_DEPLOYMENT_TARGET = 10.0;
				MTL_ENABLE_DEBUG_INFO = NO;
				SDKROOT = iphoneos;
				VALIDATE_PRODUCT = YES;
			};
			name = Release;
		};
		2591B8E01DD447A200E1105D /* Debug */ = {
			isa = XCBuildConfiguration;
			buildSettings = {
				ASSETCATALOG_COMPILER_APPICON_NAME = AppIcon;
				CLANG_WARN__ARC_BRIDGE_CAST_NONARC = NO;
				DEVELOPMENT_TEAM = D8RJFY6RH2;
				FRAMEWORK_SEARCH_PATHS = (
					"$(inherited)",
					"$(PROJECT_DIR)",
				);
				INFOPLIST_FILE = DLNAFrameWorkTest/Info.plist;
				LD_RUNPATH_SEARCH_PATHS = "$(inherited) @executable_path/Frameworks";
				PRODUCT_BUNDLE_IDENTIFIER = com.mjc.DLNAFrameWorkTest;
				PRODUCT_NAME = "$(TARGET_NAME)";
			};
			name = Debug;
		};
		2591B8E11DD447A200E1105D /* Release */ = {
			isa = XCBuildConfiguration;
			buildSettings = {
				ASSETCATALOG_COMPILER_APPICON_NAME = AppIcon;
				CLANG_WARN__ARC_BRIDGE_CAST_NONARC = NO;
				DEVELOPMENT_TEAM = D8RJFY6RH2;
				FRAMEWORK_SEARCH_PATHS = (
					"$(inherited)",
					"$(PROJECT_DIR)",
				);
				INFOPLIST_FILE = DLNAFrameWorkTest/Info.plist;
				LD_RUNPATH_SEARCH_PATHS = "$(inherited) @executable_path/Frameworks";
				PRODUCT_BUNDLE_IDENTIFIER = com.mjc.DLNAFrameWorkTest;
				PRODUCT_NAME = "$(TARGET_NAME)";
			};
			name = Release;
		};
/* End XCBuildConfiguration section */

/* Begin XCConfigurationList section */
		2591B8C31DD447A200E1105D /* Build configuration list for PBXProject "DLNAFrameWorkTest" */ = {
			isa = XCConfigurationList;
			buildConfigurations = (
				2591B8DD1DD447A200E1105D /* Debug */,
				2591B8DE1DD447A200E1105D /* Release */,
			);
			defaultConfigurationIsVisible = 0;
			defaultConfigurationName = Release;
		};
		2591B8DF1DD447A200E1105D /* Build configuration list for PBXNativeTarget "DLNAFrameWorkTest" */ = {
			isa = XCConfigurationList;
			buildConfigurations = (
				2591B8E01DD447A200E1105D /* Debug */,
				2591B8E11DD447A200E1105D /* Release */,
			);
			defaultConfigurationIsVisible = 0;
			defaultConfigurationName = Release;
		};
/* End XCConfigurationList section */
	};
	rootObject = 2591B8C01DD447A200E1105D /* Project object */;
}
